
Microsoft Visual Studio Solution File, Format Version 12.00
# Visual Studio Version 17
VisualStudioVersion = 17.14.36121.58
MinimumVisualStudioVersion = 10.0.40219.1
Project("{FAE04EC0-301F-11D3-BF4B-00C04F79EFBC}") = "BookReadingTracker.WebApi", "BookReadingTracker.WebApi\BookReadingTracker.WebApi.csproj", "{CF386F68-E93C-42AC-A269-4F8DEB86953E}"
EndProject
Project("{FAE04EC0-301F-11D3-BF4B-00C04F79EFBC}") = "BookReadingTracker.Database", "BookReadingTracker.Database\BookReadingTracker.Database.csproj", "{1B20ADC6-0B3D-4EBC-A591-88B7299F0C6B}"
EndProject
Project("{FAE04EC0-301F-11D3-BF4B-00C04F79EFBC}") = "BookReadingTracker.Domain", "BookReadingTracker.Domain\BookReadingTracker.Domain.csproj", "{4744C1BF-C83D-46C6-9394-92E3959D74B2}"
EndProject
Project("{FAE04EC0-301F-11D3-BF4B-00C04F79EFBC}") = "BookReadingTracker.MVC", "BookReadingTracker.MVC\BookReadingTracker.MVC.csproj", "{0B088502-1F9F-4E91-879F-16C121C5CF7D}"
EndProject
Global
	GlobalSection(SolutionConfigurationPlatforms) = preSolution
		Debug|Any CPU = Debug|Any CPU
		Release|Any CPU = Release|Any CPU
	EndGlobalSection
	GlobalSection(ProjectConfigurationPlatforms) = postSolution
		{CF386F68-E93C-42AC-A269-4F8DEB86953E}.Debug|Any CPU.ActiveCfg = Debug|Any CPU
		{CF386F68-E93C-42AC-A269-4F8DEB86953E}.Debug|Any CPU.Build.0 = Debug|Any CPU
		{CF386F68-E93C-42AC-A269-4F8DEB86953E}.Release|Any CPU.ActiveCfg = Release|Any CPU
		{CF386F68-E93C-42AC-A269-4F8DEB86953E}.Release|Any CPU.Build.0 = Release|Any CPU
		{1B20ADC6-0B3D-4EBC-A591-88B7299F0C6B}.Debug|Any CPU.ActiveCfg = Debug|Any CPU
		{1B20ADC6-0B3D-4EBC-A591-88B7299F0C6B}.Debug|Any CPU.Build.0 = Debug|Any CPU
		{1B20ADC6-0B3D-4EBC-A591-88B7299F0C6B}.Release|Any CPU.ActiveCfg = Release|Any CPU
		{1B20ADC6-0B3D-4EBC-A591-88B7299F0C6B}.Release|Any CPU.Build.0 = Release|Any CPU
		{4744C1BF-C83D-46C6-9394-92E3959D74B2}.Debug|Any CPU.ActiveCfg = Debug|Any CPU
		{4744C1BF-C83D-46C6-9394-92E3959D74B2}.Debug|Any CPU.Build.0 = Debug|Any CPU
		{4744C1BF-C83D-46C6-9394-92E3959D74B2}.Release|Any CPU.ActiveCfg = Release|Any CPU
		{4744C1BF-C83D-46C6-9394-92E3959D74B2}.Release|Any CPU.Build.0 = Release|Any CPU
		{0B088502-1F9F-4E91-879F-16C121C5CF7D}.Debug|Any CPU.ActiveCfg = Debug|Any CPU
		{0B088502-1F9F-4E91-879F-16C121C5CF7D}.Debug|Any CPU.Build.0 = Debug|Any CPU
		{0B088502-1F9F-4E91-879F-16C121C5CF7D}.Release|Any CPU.ActiveCfg = Release|Any CPU
		{0B088502-1F9F-4E91-879F-16C121C5CF7D}.Release|Any CPU.Build.0 = Release|Any CPU
	EndGlobalSection
	GlobalSection(SolutionProperties) = preSolution
		HideSolutionNode = FALSE
	EndGlobalSection
	GlobalSection(ExtensibilityGlobals) = postSolution
		SolutionGuid = {ED0E7F8B-3177-4498-A849-BB5E246EE07A}
	EndGlobalSection
EndGlobal
